// !$*UTF8*$!
{
	archiveVersion = 1;
	classes = {
	};
	objectVersion = 77;
	objects = {

/* Begin PBXBuildFile section */
		01F1D6F4E744410177C935DE /* LaunchAtLoginService.swift in Sources */ = {isa = PBXBuildFile; fileRef = 68E7495C1D257B4B6097CA00 /* LaunchAtLoginService.swift */; };
		0AADC35BC3BC04D36E29DE48 /* KopiApp.swift in Sources */ = {isa = PBXBuildFile; fileRef = A5C7CCA0FD1B4112A5FE2FB6 /* KopiApp.swift */; };
		224EDD33937BC7EA6B47F34A /* ItemDetailView.swift in Sources */ = {isa = PBXBuildFile; fileRef = AFD064E9F2FAF79E26BF1DBD /* ItemDetailView.swift */; };
		2CDB7EC0C6D7FA03F11A946C /* String+Extensions.swift in Sources */ = {isa = PBXBuildFile; fileRef = 1BB7379E44A2E3BCF312AAB0 /* String+Extensions.swift */; };
		2F0DD99ABAA4B3E78FFA0C5C /* ContentView.swift in Sources */ = {isa = PBXBuildFile; fileRef = C8FA1A5847216C51EE8DE7A3 /* ContentView.swift */; };
		42ADEDDBCA0F3EB217E9CB38 /* Constants.swift in Sources */ = {isa = PBXBuildFile; fileRef = 7D59274BE41BF62360144A29 /* Constants.swift */; };
		478B5AECA7BCE13ACC53AE7A /* Assets.xcassets in Resources */ = {isa = PBXBuildFile; fileRef = 1733422BB959A33A36B18B13 /* Assets.xcassets */; };
		5A1161A557C3AF8B6DC54A34 /* ClipboardItemRepository.swift in Sources */ = {isa = PBXBuildFile; fileRef = F9D96B387E102C04D29B5B51 /* ClipboardItemRepository.swift */; };
		5CAAD08F546AEDCDED87F6CC /* ClipboardViewModel.swift in Sources */ = {isa = PBXBuildFile; fileRef = 019F22AA04CD2C6E4C923C2E /* ClipboardViewModel.swift */; };
		6A83A4246EBE2B742A04A9A8 /* PinnedItemsListView.swift in Sources */ = {isa = PBXBuildFile; fileRef = 9E4C887A814DFC34B0C0E6DF /* PinnedItemsListView.swift */; };
		742C0126C0B4FF388F005D4A /* ClipboardItem.swift in Sources */ = {isa = PBXBuildFile; fileRef = B4265D1F2588DF18859F70E8 /* ClipboardItem.swift */; };
		799D576879350F70697EC00C /* DatabaseManager.swift in Sources */ = {isa = PBXBuildFile; fileRef = 8A6065DC123C9E99365607BD /* DatabaseManager.swift */; };
		852D2D76963FA5451A3701A7 /* SettingsView.swift in Sources */ = {isa = PBXBuildFile; fileRef = 54F068B22EDB738FA1351347 /* SettingsView.swift */; };
		AA43126D12374F60FF45DEF3 /* PinnedItemRowView.swift in Sources */ = {isa = PBXBuildFile; fileRef = 0E958CA874BDCC072F7C16AC /* PinnedItemRowView.swift */; };
		ACA2FE9A30684920EE8C9CC6 /* ClipboardService.swift in Sources */ = {isa = PBXBuildFile; fileRef = 424621B7CF09E8C4DCEBF6CC /* ClipboardService.swift */; };
		BB6339A3755F019BC71B8425 /* GRDB in Frameworks */ = {isa = PBXBuildFile; productRef = AF06E48B0F24498010533DCB /* GRDB */; };
		D1061276349B8192B0F03806 /* CurrentClipboardView.swift in Sources */ = {isa = PBXBuildFile; fileRef = 39911D1AF28C5CEF2DA184C4 /* CurrentClipboardView.swift */; };
		E06C61149CDE25481EA43C2C /* ClipboardMonitor.swift in Sources */ = {isa = PBXBuildFile; fileRef = 0AB885028F22957C4828D651 /* ClipboardMonitor.swift */; };
		F35FFF4B373A72E9CD4D7F50 /* EmptyStateView.swift in Sources */ = {isa = PBXBuildFile; fileRef = 291E6FB4DF7E363BFBEA462C /* EmptyStateView.swift */; };
		F9B54FCBB426C606428AE22A /* AppSettings.swift in Sources */ = {isa = PBXBuildFile; fileRef = B41CD3B566022A892C229F5B /* AppSettings.swift */; };
		D4E5F6A7B8C9D0E1F2A3B4C5 /* HTMLToMarkdown.swift in Sources */ = {isa = PBXBuildFile; fileRef = C3D4E5F6A7B8C9D0E1F2A3B4 /* HTMLToMarkdown.swift */; };
		E5F6A7B8C9D0E1F2A3B4C5D6 /* MarkdownHighlighter.swift in Sources */ = {isa = PBXBuildFile; fileRef = F6A7B8C9D0E1F2A3B4C5D6E7 /* MarkdownHighlighter.swift */; };
		A1B2C3D4E5F6A7B8C9D0E1F2 /* ScreenshotGenerator.swift in Sources */ = {isa = PBXBuildFile; fileRef = B2C3D4E5F6A7B8C9D0E1F2A3 /* ScreenshotGenerator.swift */; };
		C3D4E5F6A7B8C9D0E1F2A3B5 /* ScreenshotShowcases.swift in Sources */ = {isa = PBXBuildFile; fileRef = D4E5F6A7B8C9D0E1F2A3B4C6 /* ScreenshotShowcases.swift */; };
/* End PBXBuildFile section */

/* Begin PBXFileReference section */
		019F22AA04CD2C6E4C923C2E /* ClipboardViewModel.swift */ = {isa = PBXFileReference; lastKnownFileType = sourcecode.swift; path = ClipboardViewModel.swift; sourceTree = "<group>"; };
		0AB885028F22957C4828D651 /* ClipboardMonitor.swift */ = {isa = PBXFileReference; lastKnownFileType = sourcecode.swift; path = ClipboardMonitor.swift; sourceTree = "<group>"; };
		0E958CA874BDCC072F7C16AC /* PinnedItemRowView.swift */ = {isa = PBXFileReference; lastKnownFileType = sourcecode.swift; path = PinnedItemRowView.swift; sourceTree = "<group>"; };
		1733422BB959A33A36B18B13 /* Assets.xcassets */ = {isa = PBXFileReference; lastKnownFileType = folder.assetcatalog; path = Assets.xcassets; sourceTree = "<group>"; };
		1BB7379E44A2E3BCF312AAB0 /* String+Extensions.swift */ = {isa = PBXFileReference; lastKnownFileType = sourcecode.swift; path = "String+Extensions.swift"; sourceTree = "<group>"; };
		291E6FB4DF7E363BFBEA462C /* EmptyStateView.swift */ = {isa = PBXFileReference; lastKnownFileType = sourcecode.swift; path = EmptyStateView.swift; sourceTree = "<group>"; };
		3555D6C1A1DC4B2ADEFB62CE /* Kopi.entitlements */ = {isa = PBXFileReference; lastKnownFileType = text.plist.entitlements; path = Kopi.entitlements; sourceTree = "<group>"; };
		39911D1AF28C5CEF2DA184C4 /* CurrentClipboardView.swift */ = {isa = PBXFileReference; lastKnownFileType = sourcecode.swift; path = CurrentClipboardView.swift; sourceTree = "<group>"; };
		3EA99838FD11B57B4E5D2908 /* Kopi.app */ = {isa = PBXFileReference; explicitFileType = wrapper.application; includeInIndex = 0; path = Kopi.app; sourceTree = BUILT_PRODUCTS_DIR; };
		424621B7CF09E8C4DCEBF6CC /* ClipboardService.swift */ = {isa = PBXFileReference; lastKnownFileType = sourcecode.swift; path = ClipboardService.swift; sourceTree = "<group>"; };
		54F068B22EDB738FA1351347 /* SettingsView.swift */ = {isa = PBXFileReference; lastKnownFileType = sourcecode.swift; path = SettingsView.swift; sourceTree = "<group>"; };
		68E7495C1D257B4B6097CA00 /* LaunchAtLoginService.swift */ = {isa = PBXFileReference; lastKnownFileType = sourcecode.swift; path = LaunchAtLoginService.swift; sourceTree = "<group>"; };
		7D59274BE41BF62360144A29 /* Constants.swift */ = {isa = PBXFileReference; lastKnownFileType = sourcecode.swift; path = Constants.swift; sourceTree = "<group>"; };
		8A6065DC123C9E99365607BD /* DatabaseManager.swift */ = {isa = PBXFileReference; lastKnownFileType = sourcecode.swift; path = DatabaseManager.swift; sourceTree = "<group>"; };
		9921CACC62DE17DB53DADAD5 /* Info.plist */ = {isa = PBXFileReference; lastKnownFileType = text.plist; path = Info.plist; sourceTree = "<group>"; };
		9E4C887A814DFC34B0C0E6DF /* PinnedItemsListView.swift */ = {isa = PBXFileReference; lastKnownFileType = sourcecode.swift; path = PinnedItemsListView.swift; sourceTree = "<group>"; };
		A5C7CCA0FD1B4112A5FE2FB6 /* KopiApp.swift */ = {isa = PBXFileReference; lastKnownFileType = sourcecode.swift; path = KopiApp.swift; sourceTree = "<group>"; };
		AFD064E9F2FAF79E26BF1DBD /* ItemDetailView.swift */ = {isa = PBXFileReference; lastKnownFileType = sourcecode.swift; path = ItemDetailView.swift; sourceTree = "<group>"; };
		B41CD3B566022A892C229F5B /* AppSettings.swift */ = {isa = PBXFileReference; lastKnownFileType = sourcecode.swift; path = AppSettings.swift; sourceTree = "<group>"; };
		B4265D1F2588DF18859F70E8 /* ClipboardItem.swift */ = {isa = PBXFileReference; lastKnownFileType = sourcecode.swift; path = ClipboardItem.swift; sourceTree = "<group>"; };
		C8FA1A5847216C51EE8DE7A3 /* ContentView.swift */ = {isa = PBXFileReference; lastKnownFileType = sourcecode.swift; path = ContentView.swift; sourceTree = "<group>"; };
		F9D96B387E102C04D29B5B51 /* ClipboardItemRepository.swift */ = {isa = PBXFileReference; lastKnownFileType = sourcecode.swift; path = ClipboardItemRepository.swift; sourceTree = "<group>"; };
		C3D4E5F6A7B8C9D0E1F2A3B4 /* HTMLToMarkdown.swift */ = {isa = PBXFileReference; lastKnownFileType = sourcecode.swift; path = HTMLToMarkdown.swift; sourceTree = "<group>"; };
		F6A7B8C9D0E1F2A3B4C5D6E7 /* MarkdownHighlighter.swift */ = {isa = PBXFileReference; lastKnownFileType = sourcecode.swift; path = MarkdownHighlighter.swift; sourceTree = "<group>"; };
		B2C3D4E5F6A7B8C9D0E1F2A3 /* ScreenshotGenerator.swift */ = {isa = PBXFileReference; lastKnownFileType = sourcecode.swift; path = ScreenshotGenerator.swift; sourceTree = "<group>"; };
		D4E5F6A7B8C9D0E1F2A3B4C6 /* ScreenshotShowcases.swift */ = {isa = PBXFileReference; lastKnownFileType = sourcecode.swift; path = ScreenshotShowcases.swift; sourceTree = "<group>"; };
/* End PBXFileReference section */

/* Begin PBXFrameworksBuildPhase section */
		C542472DF53343F7FD84DED5 /* Frameworks */ = {
			isa = PBXFrameworksBuildPhase;
			buildActionMask = 2147483647;
			files = (
				BB6339A3755F019BC71B8425 /* GRDB in Frameworks */,
			);
			runOnlyForDeploymentPostprocessing = 0;
		};
/* End PBXFrameworksBuildPhase section */

/* Begin PBXGroup section */
		006683F2D8DE30C1365EFD44 /* Kopi */ = {
			isa = PBXGroup;
			children = (
				2B29A1E067DC95019D715F66 /* App */,
				C25E933E6DA760FCB8882AFE /* Database */,
				1A8C7661AA9522217D957ABA /* Models */,
				5031EC88DD01B767691C0728 /* Resources */,
				AF8D11475C298F2BA2C8FA8C /* Services */,
				C24A12213E92E048A59DB6D8 /* Utilities */,
				53D69086D1653D9732916801 /* ViewModels */,
				333B522D44517DDC9733D65D /* Views */,
				3555D6C1A1DC4B2ADEFB62CE /* Kopi.entitlements */,
			);
			path = Kopi;
			sourceTree = "<group>";
		};
		1A8C7661AA9522217D957ABA /* Models */ = {
			isa = PBXGroup;
			children = (
				B41CD3B566022A892C229F5B /* AppSettings.swift */,
				B4265D1F2588DF18859F70E8 /* ClipboardItem.swift */,
			);
			path = Models;
			sourceTree = "<group>";
		};
		2B29A1E067DC95019D715F66 /* App */ = {
			isa = PBXGroup;
			children = (
				A5C7CCA0FD1B4112A5FE2FB6 /* KopiApp.swift */,
			);
			path = App;
			sourceTree = "<group>";
		};
		333B522D44517DDC9733D65D /* Views */ = {
			isa = PBXGroup;
			children = (
				390559477BEBCF44A0EC3526 /* Components */,
				C8FA1A5847216C51EE8DE7A3 /* ContentView.swift */,
				39911D1AF28C5CEF2DA184C4 /* CurrentClipboardView.swift */,
				AFD064E9F2FAF79E26BF1DBD /* ItemDetailView.swift */,
				0E958CA874BDCC072F7C16AC /* PinnedItemRowView.swift */,
				9E4C887A814DFC34B0C0E6DF /* PinnedItemsListView.swift */,
				54F068B22EDB738FA1351347 /* SettingsView.swift */,
			);
			path = Views;
			sourceTree = "<group>";
		};
		390559477BEBCF44A0EC3526 /* Components */ = {
			isa = PBXGroup;
			children = (
				291E6FB4DF7E363BFBEA462C /* EmptyStateView.swift */,
			);
			path = Components;
			sourceTree = "<group>";
		};
		5031EC88DD01B767691C0728 /* Resources */ = {
			isa = PBXGroup;
			children = (
				1733422BB959A33A36B18B13 /* Assets.xcassets */,
				9921CACC62DE17DB53DADAD5 /* Info.plist */,
			);
			path = Resources;
			sourceTree = "<group>";
		};
		53D69086D1653D9732916801 /* ViewModels */ = {
			isa = PBXGroup;
			children = (
				019F22AA04CD2C6E4C923C2E /* ClipboardViewModel.swift */,
			);
			path = ViewModels;
			sourceTree = "<group>";
		};
		830D17F33BD03A1B9CBC8697 = {
			isa = PBXGroup;
			children = (
				006683F2D8DE30C1365EFD44 /* Kopi */,
				87412AF294E96EA886C7996B /* Products */,
			);
			sourceTree = "<group>";
		};
		87412AF294E96EA886C7996B /* Products */ = {
			isa = PBXGroup;
			children = (
				3EA99838FD11B57B4E5D2908 /* Kopi.app */,
			);
			name = Products;
			sourceTree = "<group>";
		};
		AF8D11475C298F2BA2C8FA8C /* Services */ = {
			isa = PBXGroup;
			children = (
				0AB885028F22957C4828D651 /* ClipboardMonitor.swift */,
				424621B7CF09E8C4DCEBF6CC /* ClipboardService.swift */,
				68E7495C1D257B4B6097CA00 /* LaunchAtLoginService.swift */,
			);
			path = Services;
			sourceTree = "<group>";
		};
		C24A12213E92E048A59DB6D8 /* Utilities */ = {
			isa = PBXGroup;
			children = (
				7D59274BE41BF62360144A29 /* Constants.swift */,
				C3D4E5F6A7B8C9D0E1F2A3B4 /* HTMLToMarkdown.swift */,
				F6A7B8C9D0E1F2A3B4C5D6E7 /* MarkdownHighlighter.swift */,
				B2C3D4E5F6A7B8C9D0E1F2A3 /* ScreenshotGenerator.swift */,
				D4E5F6A7B8C9D0E1F2A3B4C6 /* ScreenshotShowcases.swift */,
				1BB7379E44A2E3BCF312AAB0 /* String+Extensions.swift */,
			);
			path = Utilities;
			sourceTree = "<group>";
		};
		C25E933E6DA760FCB8882AFE /* Database */ = {
			isa = PBXGroup;
			children = (
				F9D96B387E102C04D29B5B51 /* ClipboardItemRepository.swift */,
				8A6065DC123C9E99365607BD /* DatabaseManager.swift */,
			);
			path = Database;
			sourceTree = "<group>";
		};
/* End PBXGroup section */

/* Begin PBXNativeTarget section */
		05F56BA2EDA7BA97ABEE8116 /* Kopi */ = {
			isa = PBXNativeTarget;
			buildConfigurationList = 962F57F693E3352C2DDE9448 /* Build configuration list for PBXNativeTarget "Kopi" */;
			buildPhases = (
				F61F24B4E846B12523BF9420 /* Sources */,
				E39E608E6B43F7300135ADEA /* Resources */,
				C542472DF53343F7FD84DED5 /* Frameworks */,
			);
			buildRules = (
			);
			dependencies = (
			);
			name = Kopi;
			packageProductDependencies = (
				AF06E48B0F24498010533DCB /* GRDB */,
			);
			productName = Kopi;
			productReference = 3EA99838FD11B57B4E5D2908 /* Kopi.app */;
			productType = "com.apple.product-type.application";
		};
/* End PBXNativeTarget section */

/* Begin PBXProject section */
		6275E1F75CE59DC678886CEB /* Project object */ = {
			isa = PBXProject;
			attributes = {
				BuildIndependentTargetsInParallel = YES;
				LastUpgradeCheck = 1600;
				TargetAttributes = {
					05F56BA2EDA7BA97ABEE8116 = {
						ProvisioningStyle = Manual;
					};
				};
			};
			buildConfigurationList = 3900FD30FD540916CDF8CD7F /* Build configuration list for PBXProject "Kopi" */;
			compatibilityVersion = "Xcode 14.0";
			developmentRegion = en;
			hasScannedForEncodings = 0;
			knownRegions = (
				Base,
				en,
			);
			mainGroup = 830D17F33BD03A1B9CBC8697;
			minimizedProjectReferenceProxies = 1;
			packageReferences = (
				77A62875241084A79897C5F5 /* XCRemoteSwiftPackageReference "GRDB.swift" */,
			);
			preferredProjectObjectVersion = 77;
			projectDirPath = "";
			projectRoot = "";
			targets = (
				05F56BA2EDA7BA97ABEE8116 /* Kopi */,
			);
		};
/* End PBXProject section */

/* Begin PBXResourcesBuildPhase section */
		E39E608E6B43F7300135ADEA /* Resources */ = {
			isa = PBXResourcesBuildPhase;
			buildActionMask = 2147483647;
			files = (
				478B5AECA7BCE13ACC53AE7A /* Assets.xcassets in Resources */,
			);
			runOnlyForDeploymentPostprocessing = 0;
		};
/* End PBXResourcesBuildPhase section */

/* Begin PBXSourcesBuildPhase section */
		F61F24B4E846B12523BF9420 /* Sources */ = {
			isa = PBXSourcesBuildPhase;
			buildActionMask = 2147483647;
			files = (
				F9B54FCBB426C606428AE22A /* AppSettings.swift in Sources */,
				742C0126C0B4FF388F005D4A /* ClipboardItem.swift in Sources */,
				5A1161A557C3AF8B6DC54A34 /* ClipboardItemRepository.swift in Sources */,
				E06C61149CDE25481EA43C2C /* ClipboardMonitor.swift in Sources */,
				ACA2FE9A30684920EE8C9CC6 /* ClipboardService.swift in Sources */,
				5CAAD08F546AEDCDED87F6CC /* ClipboardViewModel.swift in Sources */,
				42ADEDDBCA0F3EB217E9CB38 /* Constants.swift in Sources */,
				2F0DD99ABAA4B3E78FFA0C5C /* ContentView.swift in Sources */,
				D1061276349B8192B0F03806 /* CurrentClipboardView.swift in Sources */,
				799D576879350F70697EC00C /* DatabaseManager.swift in Sources */,
				F35FFF4B373A72E9CD4D7F50 /* EmptyStateView.swift in Sources */,
				224EDD33937BC7EA6B47F34A /* ItemDetailView.swift in Sources */,
				0AADC35BC3BC04D36E29DE48 /* KopiApp.swift in Sources */,
				01F1D6F4E744410177C935DE /* LaunchAtLoginService.swift in Sources */,
				AA43126D12374F60FF45DEF3 /* PinnedItemRowView.swift in Sources */,
				6A83A4246EBE2B742A04A9A8 /* PinnedItemsListView.swift in Sources */,
				852D2D76963FA5451A3701A7 /* SettingsView.swift in Sources */,
				2CDB7EC0C6D7FA03F11A946C /* String+Extensions.swift in Sources */,
				D4E5F6A7B8C9D0E1F2A3B4C5 /* HTMLToMarkdown.swift in Sources */,
				E5F6A7B8C9D0E1F2A3B4C5D6 /* MarkdownHighlighter.swift in Sources */,
				A1B2C3D4E5F6A7B8C9D0E1F2 /* ScreenshotGenerator.swift in Sources */,
				C3D4E5F6A7B8C9D0E1F2A3B5 /* ScreenshotShowcases.swift in Sources */,
			);
			runOnlyForDeploymentPostprocessing = 0;
		};
/* End PBXSourcesBuildPhase section */

/* Begin XCBuildConfiguration section */
		3DAC6F05A43AD8C8747F74E4 /* Release */ = {
			isa = XCBuildConfiguration;
			buildSettings = {
				ALWAYS_SEARCH_USER_PATHS = NO;
				CLANG_ANALYZER_NONNULL = YES;
				CLANG_ANALYZER_NUMBER_OBJECT_CONVERSION = YES_AGGRESSIVE;
				CLANG_CXX_LANGUAGE_STANDARD = "gnu++14";
				CLANG_CXX_LIBRARY = "libc++";
				CLANG_ENABLE_MODULES = YES;
				CLANG_ENABLE_OBJC_ARC = YES;
				CLANG_ENABLE_OBJC_WEAK = YES;
				CLANG_WARN_BLOCK_CAPTURE_AUTORELEASING = YES;
				CLANG_WARN_BOOL_CONVERSION = YES;
				CLANG_WARN_COMMA = YES;
				CLANG_WARN_CONSTANT_CONVERSION = YES;
				CLANG_WARN_DEPRECATED_OBJC_IMPLEMENTATIONS = YES;
				CLANG_WARN_DIRECT_OBJC_ISA_USAGE = YES_ERROR;
				CLANG_WARN_DOCUMENTATION_COMMENTS = YES;
				CLANG_WARN_EMPTY_BODY = YES;
				CLANG_WARN_ENUM_CONVERSION = YES;
				CLANG_WARN_INFINITE_RECURSION = YES;
				CLANG_WARN_INT_CONVERSION = YES;
				CLANG_WARN_NON_LITERAL_NULL_CONVERSION = YES;
				CLANG_WARN_OBJC_IMPLICIT_RETAIN_SELF = YES;
				CLANG_WARN_OBJC_LITERAL_CONVERSION = YES;
				CLANG_WARN_OBJC_ROOT_CLASS = YES_ERROR;
				CLANG_WARN_QUOTED_INCLUDE_IN_FRAMEWORK_HEADER = YES;
				CLANG_WARN_RANGE_LOOP_ANALYSIS = YES;
				CLANG_WARN_STRICT_PROTOTYPES = YES;
				CLANG_WARN_SUSPICIOUS_MOVE = YES;
				CLANG_WARN_UNGUARDED_AVAILABILITY = YES_AGGRESSIVE;
				CLANG_WARN_UNREACHABLE_CODE = YES;
				CLANG_WARN__DUPLICATE_METHOD_MATCH = YES;
				COPY_PHASE_STRIP = NO;
				DEBUG_INFORMATION_FORMAT = "dwarf-with-dsym";
				ENABLE_NS_ASSERTIONS = NO;
				ENABLE_STRICT_OBJC_MSGSEND = YES;
				GCC_C_LANGUAGE_STANDARD = gnu11;
				GCC_NO_COMMON_BLOCKS = YES;
				GCC_WARN_64_TO_32_BIT_CONVERSION = YES;
				GCC_WARN_ABOUT_RETURN_TYPE = YES_ERROR;
				GCC_WARN_UNDECLARED_SELECTOR = YES;
				GCC_WARN_UNINITIALIZED_AUTOS = YES_AGGRESSIVE;
				GCC_WARN_UNUSED_FUNCTION = YES;
				GCC_WARN_UNUSED_VARIABLE = YES;
				MACOSX_DEPLOYMENT_TARGET = 14.0;
				MTL_ENABLE_DEBUG_INFO = NO;
				MTL_FAST_MATH = YES;
				PRODUCT_NAME = "$(TARGET_NAME)";
				SDKROOT = macosx;
				SWIFT_COMPILATION_MODE = wholemodule;
				SWIFT_OPTIMIZATION_LEVEL = "-O";
				SWIFT_VERSION = 5.0;
			};
			name = Release;
		};
		7F39F74A3C508525B9022E8F /* Debug */ = {
			isa = XCBuildConfiguration;
			buildSettings = {
				ASSETCATALOG_COMPILER_APPICON_NAME = AppIcon;
				CODE_SIGNING_REQUIRED = NO;
				CODE_SIGN_ENTITLEMENTS = Kopi/Kopi.entitlements;
				CODE_SIGN_IDENTITY = "-";
				CODE_SIGN_STYLE = Manual;
				COMBINE_HIDPI_IMAGES = YES;
				CURRENT_PROJECT_VERSION = 1;
				GENERATE_INFOPLIST_FILE = YES;
				INFOPLIST_FILE = Kopi/Resources/Info.plist;
				INFOPLIST_KEY_LSUIElement = YES;
				LD_RUNPATH_SEARCH_PATHS = (
					"$(inherited)",
					"@executable_path/../Frameworks",
				);
				MACOSX_DEPLOYMENT_TARGET = 14.0;
				MARKETING_VERSION = 1.0.0;
				PRODUCT_BUNDLE_IDENTIFIER = com.wuwe1.kopi;
				PRODUCT_NAME = Kopi;
				SDKROOT = macosx;
				SWIFT_STRICT_CONCURRENCY = minimal;
				SWIFT_VERSION = 6.0;
			};
			name = Debug;
		};
		9A13B2C830C9CC5C0244873B /* Debug */ = {
			isa = XCBuildConfiguration;
			buildSettings = {
				ALWAYS_SEARCH_USER_PATHS = NO;
				CLANG_ANALYZER_NONNULL = YES;
				CLANG_ANALYZER_NUMBER_OBJECT_CONVERSION = YES_AGGRESSIVE;
				CLANG_CXX_LANGUAGE_STANDARD = "gnu++14";
				CLANG_CXX_LIBRARY = "libc++";
				CLANG_ENABLE_MODULES = YES;
				CLANG_ENABLE_OBJC_ARC = YES;
				CLANG_ENABLE_OBJC_WEAK = YES;
				CLANG_WARN_BLOCK_CAPTURE_AUTORELEASING = YES;
				CLANG_WARN_BOOL_CONVERSION = YES;
				CLANG_WARN_COMMA = YES;
				CLANG_WARN_CONSTANT_CONVERSION = YES;
				CLANG_WARN_DEPRECATED_OBJC_IMPLEMENTATIONS = YES;
				CLANG_WARN_DIRECT_OBJC_ISA_USAGE = YES_ERROR;
				CLANG_WARN_DOCUMENTATION_COMMENTS = YES;
				CLANG_WARN_EMPTY_BODY = YES;
				CLANG_WARN_ENUM_CONVERSION = YES;
				CLANG_WARN_INFINITE_RECURSION = YES;
				CLANG_WARN_INT_CONVERSION = YES;
				CLANG_WARN_NON_LITERAL_NULL_CONVERSION = YES;
				CLANG_WARN_OBJC_IMPLICIT_RETAIN_SELF = YES;
				CLANG_WARN_OBJC_LITERAL_CONVERSION = YES;
				CLANG_WARN_OBJC_ROOT_CLASS = YES_ERROR;
				CLANG_WARN_QUOTED_INCLUDE_IN_FRAMEWORK_HEADER = YES;
				CLANG_WARN_RANGE_LOOP_ANALYSIS = YES;
				CLANG_WARN_STRICT_PROTOTYPES = YES;
				CLANG_WARN_SUSPICIOUS_MOVE = YES;
				CLANG_WARN_UNGUARDED_AVAILABILITY = YES_AGGRESSIVE;
				CLANG_WARN_UNREACHABLE_CODE = YES;
				CLANG_WARN__DUPLICATE_METHOD_MATCH = YES;
				COPY_PHASE_STRIP = NO;
				DEBUG_INFORMATION_FORMAT = dwarf;
				ENABLE_STRICT_OBJC_MSGSEND = YES;
				ENABLE_TESTABILITY = YES;
				GCC_C_LANGUAGE_STANDARD = gnu11;
				GCC_DYNAMIC_NO_PIC = NO;
				GCC_NO_COMMON_BLOCKS = YES;
				GCC_OPTIMIZATION_LEVEL = 0;
				GCC_PREPROCESSOR_DEFINITIONS = (
					"$(inherited)",
					"DEBUG=1",
				);
				GCC_WARN_64_TO_32_BIT_CONVERSION = YES;
				GCC_WARN_ABOUT_RETURN_TYPE = YES_ERROR;
				GCC_WARN_UNDECLARED_SELECTOR = YES;
				GCC_WARN_UNINITIALIZED_AUTOS = YES_AGGRESSIVE;
				GCC_WARN_UNUSED_FUNCTION = YES;
				GCC_WARN_UNUSED_VARIABLE = YES;
				MACOSX_DEPLOYMENT_TARGET = 14.0;
				MTL_ENABLE_DEBUG_INFO = INCLUDE_SOURCE;
				MTL_FAST_MATH = YES;
				ONLY_ACTIVE_ARCH = YES;
				PRODUCT_NAME = "$(TARGET_NAME)";
				SDKROOT = macosx;
				SWIFT_ACTIVE_COMPILATION_CONDITIONS = DEBUG;
				SWIFT_OPTIMIZATION_LEVEL = "-Onone";
				SWIFT_VERSION = 5.0;
			};
			name = Debug;
		};
		F9CC0EF5E3C84AD52B9C84AB /* Release */ = {
			isa = XCBuildConfiguration;
			buildSettings = {
				ASSETCATALOG_COMPILER_APPICON_NAME = AppIcon;
				CODE_SIGNING_REQUIRED = YES;
				CODE_SIGN_ENTITLEMENTS = Kopi/Kopi.entitlements;
				CODE_SIGN_IDENTITY = "Developer ID Application";
				CODE_SIGN_STYLE = Manual;
				COMBINE_HIDPI_IMAGES = YES;
				CURRENT_PROJECT_VERSION = 1;
				DEVELOPMENT_TEAM = Y5RD58553T;
				ENABLE_HARDENED_RUNTIME = YES;
				GENERATE_INFOPLIST_FILE = YES;
				INFOPLIST_FILE = Kopi/Resources/Info.plist;
				INFOPLIST_KEY_LSUIElement = YES;
				LD_RUNPATH_SEARCH_PATHS = (
					"$(inherited)",
					"@executable_path/../Frameworks",
				);
				MACOSX_DEPLOYMENT_TARGET = 14.0;
				MARKETING_VERSION = 1.0.0;
				PRODUCT_BUNDLE_IDENTIFIER = com.wuwe1.kopi;
				PRODUCT_NAME = Kopi;
				SDKROOT = macosx;
				SWIFT_STRICT_CONCURRENCY = minimal;
				SWIFT_VERSION = 6.0;
			};
			name = Release;
		};
/* End XCBuildConfiguration section */

/* Begin XCConfigurationList section */
		3900FD30FD540916CDF8CD7F /* Build configuration list for PBXProject "Kopi" */ = {
			isa = XCConfigurationList;
			buildConfigurations = (
				9A13B2C830C9CC5C0244873B /* Debug */,
				3DAC6F05A43AD8C8747F74E4 /* Release */,
			);
			defaultConfigurationIsVisible = 0;
			defaultConfigurationName = Debug;
		};
		962F57F693E3352C2DDE9448 /* Build configuration list for PBXNativeTarget "Kopi" */ = {
			isa = XCConfigurationList;
			buildConfigurations = (
				7F39F74A3C508525B9022E8F /* Debug */,
				F9CC0EF5E3C84AD52B9C84AB /* Release */,
			);
			defaultConfigurationIsVisible = 0;
			defaultConfigurationName = Debug;
		};
/* End XCConfigurationList section */

/* Begin XCRemoteSwiftPackageReference section */
		77A62875241084A79897C5F5 /* XCRemoteSwiftPackageReference "GRDB.swift" */ = {
			isa = XCRemoteSwiftPackageReference;
			repositoryURL = "https://github.com/groue/GRDB.swift";
			requirement = {
				kind = upToNextMajorVersion;
				minimumVersion = 7.0.0;
			};
		};
/* End XCRemoteSwiftPackageReference section */

/* Begin XCSwiftPackageProductDependency section */
		AF06E48B0F24498010533DCB /* GRDB */ = {
			isa = XCSwiftPackageProductDependency;
			package = 77A62875241084A79897C5F5 /* XCRemoteSwiftPackageReference "GRDB.swift" */;
			productName = GRDB;
		};
/* End XCSwiftPackageProductDependency section */
	};
	rootObject = 6275E1F75CE59DC678886CEB /* Project object */;
}
